{
  "pins" : [
    {
      "identity" : "recaptcha-enterprise-mobile-sdk",
      "kind" : "remoteSourceControl",
      "location" : "https://github.com/GoogleCloudPlatform/recaptcha-enterprise-mobile-sdk",
      "state" : {
        "revision" : "3da31d9f40bc301d1fc9533502b7e68b5417f91d",
        "version" : "18.1.2"
      }
    }
  ],
  "version" : 2
}
